{
    "_readme": [
        "This file locks the dependencies of your project to a known state",
        "Read more about it at https://getcomposer.org/doc/01-basic-usage.md#composer-lock-the-lock-file",
        "This file is @generated automatically"
    ],
    "hash": "029935915f95594b13ff44d9efe378c1",
    "content-hash": "55ab727added42d9287f55d35513b198",
    "packages": [
        {
            "name": "appmail/appmail",
            "version": "1.0.1",
            "source": {
                "type": "git",
                "url": "https://github.com/appmail/appmail-php.git",
                "reference": "b5eb30bd29a742d0dd615f845fc013211eddae4d"
            },
            "dist": {
                "type": "zip",
                "url": "https://api.github.com/repos/appmail/appmail-php/zipball/b5eb30bd29a742d0dd615f845fc013211eddae4d",
                "reference": "b5eb30bd29a742d0dd615f845fc013211eddae4d",
                "shasum": ""
            },
            "require": {
                "php": ">=5.4",
                "rmccue/requests": ">=1.0"
            },
            "type": "library",
            "autoload": {
                "psr-4": {
                    "AppMail\\": "src/"
                }
            },
            "notification-url": "https://packagist.org/downloads/",
            "license": [
                "MIT"
            ],
            "authors": [
                {
                    "name": "Adam Cooke",
                    "email": "me@adamcooke.io"
                }
            ],
            "description": "AppMail for PHP library.",
            "homepage": "https://appmail.io",
            "keywords": [
                "appmail"
            ],
            "time": "2016-11-04 16:24:43"
        },
        {
            "name": "rmccue/requests",
            "version": "v1.7.0",
            "source": {
                "type": "git",
                "url": "https://github.com/rmccue/Requests.git",
                "reference": "87932f52ffad70504d93f04f15690cf16a089546"
            },
            "dist": {
                "type": "zip",
                "url": "https://api.github.com/repos/rmccue/Requests/zipball/87932f52ffad70504d93f04f15690cf16a089546",
                "reference": "87932f52ffad70504d93f04f15690cf16a089546",
                "shasum": ""
            },
            "require": {
                "php": ">=5.2"
            },
            "require-dev": {
                "requests/test-server": "dev-master"
            },
            "type": "library",
            "autoload": {
                "psr-0": {
                    "Requests": "library/"
                }
            },
            "notification-url": "https://packagist.org/downloads/",
            "license": [
                "ISC"
            ],
            "authors": [
                {
                    "name": "Ryan McCue",
                    "homepage": "http://ryanmccue.info"
                }
            ],
            "description": "A HTTP library written in PHP, for human beings.",
            "homepage": "http://github.com/rmccue/Requests",
            "keywords": [
                "curl",
                "fsockopen",
                "http",
                "idna",
                "ipv6",
                "iri",
                "sockets"
            ],
            "time": "2016-10-13 00:11:37"
        },
        {
            "name": "swiftmailer/swiftmailer",
            "version": "v5.4.6",
            "source": {
                "type": "git",
                "url": "https://github.com/swiftmailer/swiftmailer.git",
                "reference": "81fdccfaf8bdc5d5d7a1ef6bb3a61bbb1a6c4a3e"
            },
            "dist": {
                "type": "zip",
                "url": "https://api.github.com/repos/swiftmailer/swiftmailer/zipball/81fdccfaf8bdc5d5d7a1ef6bb3a61bbb1a6c4a3e",
                "reference": "81fdccfaf8bdc5d5d7a1ef6bb3a61bbb1a6c4a3e",
                "shasum": ""
            },
            "require": {
                "php": ">=5.3.3"
            },
            "require-dev": {
                "mockery/mockery": "~0.9.1",
                "symfony/phpunit-bridge": "~3.2"
            },
            "type": "library",
            "extra": {
                "branch-alias": {
                    "dev-master": "5.4-dev"
                }
            },
            "autoload": {
                "files": [
                    "lib/swift_required.php"
                ]
            },
            "notification-url": "https://packagist.org/downloads/",
            "license": [
                "MIT"
            ],
            "authors": [
                {
                    "name": "Chris Corbyn"
                },
                {
                    "name": "Fabien Potencier",
                    "email": "fabien@symfony.com"
                }
            ],
            "description": "Swiftmailer, free feature-rich PHP mailer",
            "homepage": "http://swiftmailer.org",
            "keywords": [
                "email",
                "mail",
                "mailer"
            ],
            "time": "2017-02-13 07:52:53"
        }
    ],
    "packages-dev": [],
    "aliases": [],
    "minimum-stability": "stable",
    "stability-flags": [],
    "prefer-stable": false,
    "prefer-lowest": false,
    "platform": {
        "php": ">=5.4"
    },
    "platform-dev": []
}
